// !$*UTF8*$!
{
	archiveVersion = 1;
	classes = {
	};
	objectVersion = 46;
	objects = {

/* Begin PBXBuildFile section */
		53A86A671CCBDD1B00572D7E /* main.cpp in Sources */ = {isa = PBXBuildFile; fileRef = 53A86A661CCBDD1B00572D7E /* main.cpp */; };
		53A86A6E1CCBDD2800572D7E /* GLUT.framework in Frameworks */ = {isa = PBXBuildFile; fileRef = 53A86A6D1CCBDD2800572D7E /* GLUT.framework */; };
		53A86A701CCBDD3100572D7E /* OpenGL.framework in Frameworks */ = {isa = PBXBuildFile; fileRef = 53A86A6F1CCBDD3100572D7E /* OpenGL.framework */; };
/* End PBXBuildFile section */

/* Begin PBXCopyFilesBuildPhase section */
		53A86A611CCBDD1B00572D7E /* CopyFiles */ = {
			isa = PBXCopyFilesBuildPhase;
			buildActionMask = 2147483647;
			dstPath = /usr/share/man/man1/;
			dstSubfolderSpec = 0;
			files = (
			);
			runOnlyForDeploymentPostprocessing = 1;
		};
/* End PBXCopyFilesBuildPhase section */

/* Begin PBXFileReference section */
		53A86A631CCBDD1B00572D7E /* FloodFill */ = {isa = PBXFileReference; explicitFileType = "compiled.mach-o.executable"; includeInIndex = 0; path = FloodFill; sourceTree = BUILT_PRODUCTS_DIR; };
		53A86A661CCBDD1B00572D7E /* main.cpp */ = {isa = PBXFileReference; lastKnownFileType = sourcecode.cpp.cpp; path = main.cpp; sourceTree = "<group>"; };
		53A86A6D1CCBDD2800572D7E /* GLUT.framework */ = {isa = PBXFileReference; lastKnownFileType = wrapper.framework; name = GLUT.framework; path = System/Library/Frameworks/GLUT.framework; sourceTree = SDKROOT; };
		53A86A6F1CCBDD3100572D7E /* OpenGL.framework */ = {isa = PBXFileReference; lastKnownFileType = wrapper.framework; name = OpenGL.framework; path = System/Library/Frameworks/OpenGL.framework; sourceTree = SDKROOT; };
/* End PBXFileReference section */

/* Begin PBXFrameworksBuildPhase section */
		53A86A601CCBDD1B00572D7E /* Frameworks */ = {
			isa = PBXFrameworksBuildPhase;
			buildActionMask = 2147483647;
			files = (
				53A86A701CCBDD3100572D7E /* OpenGL.framework in Frameworks */,
				53A86A6E1CCBDD2800572D7E /* GLUT.framework in Frameworks */,
			);
			runOnlyForDeploymentPostprocessing = 0;
		};
/* End PBXFrameworksBuildPhase section */

/* Begin PBXGroup section */
		53A86A5A1CCBDD1B00572D7E = {
			isa = PBXGroup;
			children = (
				53A86A6F1CCBDD3100572D7E /* OpenGL.framework */,
				53A86A6D1CCBDD2800572D7E /* GLUT.framework */,
				53A86A651CCBDD1B00572D7E /* FloodFill */,
				53A86A641CCBDD1B00572D7E /* Products */,
			);
			sourceTree = "<group>";
		};
		53A86A641CCBDD1B00572D7E /* Products */ = {
			isa = PBXGroup;
			children = (
				53A86A631CCBDD1B00572D7E /* FloodFill */,
			);
			name = Products;
			sourceTree = "<group>";
		};
		53A86A651CCBDD1B00572D7E /* FloodFill */ = {
			isa = PBXGroup;
			children = (
				53A86A661CCBDD1B00572D7E /* main.cpp */,
			);
			path = FloodFill;
			sourceTree = "<group>";
		};
/* End PBXGroup section */

/* Begin PBXNativeTarget section */
		53A86A621CCBDD1B00572D7E /* FloodFill */ = {
			isa = PBXNativeTarget;
			buildConfigurationList = 53A86A6A1CCBDD1B00572D7E /* Build configuration list for PBXNativeTarget "FloodFill" */;
			buildPhases = (
				53A86A5F1CCBDD1B00572D7E /* Sources */,
				53A86A601CCBDD1B00572D7E /* Frameworks */,
				53A86A611CCBDD1B00572D7E /* CopyFiles */,
			);
			buildRules = (
			);
			dependencies = (
			);
			name = FloodFill;
			productName = FloodFill;
			productReference = 53A86A631CCBDD1B00572D7E /* FloodFill */;
			productType = "com.apple.product-type.tool";
		};
/* End PBXNativeTarget section */

/* Begin PBXProject section */
		53A86A5B1CCBDD1B00572D7E /* Project object */ = {
			isa = PBXProject;
			attributes = {
				LastUpgradeCheck = 0730;
				ORGANIZATIONNAME = "Asif Mohaimen";
				TargetAttributes = {
					53A86A621CCBDD1B00572D7E = {
						CreatedOnToolsVersion = 7.3;
					};
				};
			};
			buildConfigurationList = 53A86A5E1CCBDD1B00572D7E /* Build configuration list for PBXProject "FloodFill" */;
			compatibilityVersion = "Xcode 3.2";
			developmentRegion = English;
			hasScannedForEncodings = 0;
			knownRegions = (
				en,
			);
			mainGroup = 53A86A5A1CCBDD1B00572D7E;
			productRefGroup = 53A86A641CCBDD1B00572D7E /* Products */;
			projectDirPath = "";
			projectRoot = "";
			targets = (
				53A86A621CCBDD1B00572D7E /* FloodFill */,
			);
		};
/* End PBXProject section */

/* Begin PBXSourcesBuildPhase section */
		53A86A5F1CCBDD1B00572D7E /* Sources */ = {
			isa = PBXSourcesBuildPhase;
			buildActionMask = 2147483647;
			files = (
				53A86A671CCBDD1B00572D7E /* main.cpp in Sources */,
			);
			runOnlyForDeploymentPostprocessing = 0;
		};
/* End PBXSourcesBuildPhase section */

/* Begin XCBuildConfiguration section */
		53A86A681CCBDD1B00572D7E /* Debug */ = {
			isa = XCBuildConfiguration;
			buildSettings = {
				ALWAYS_SEARCH_USER_PATHS = NO;
				CLANG_ANALYZER_NONNULL = YES;
				CLANG_CXX_LANGUAGE_STANDARD = "gnu++0x";
				CLANG_CXX_LIBRARY = "libc++";
				CLANG_ENABLE_MODULES = YES;
				CLANG_ENABLE_OBJC_ARC = YES;
				CLANG_WARN_BOOL_CONVERSION = YES;
				CLANG_WARN_CONSTANT_CONVERSION = YES;
				CLANG_WARN_DIRECT_OBJC_ISA_USAGE = YES_ERROR;
				CLANG_WARN_EMPTY_BODY = YES;
				CLANG_WARN_ENUM_CONVERSION = YES;
				CLANG_WARN_INT_CONVERSION = YES;
				CLANG_WARN_OBJC_ROOT_CLASS = YES_ERROR;
				CLANG_WARN_UNREACHABLE_CODE = YES;
				CLANG_WARN__DUPLICATE_METHOD_MATCH = YES;
				CODE_SIGN_IDENTITY = "-";
				COPY_PHASE_STRIP = NO;
				DEBUG_INFORMATION_FORMAT = dwarf;
				ENABLE_STRICT_OBJC_MSGSEND = YES;
				ENABLE_TESTABILITY = YES;
				GCC_C_LANGUAGE_STANDARD = gnu99;
				GCC_DYNAMIC_NO_PIC = NO;
				GCC_NO_COMMON_BLOCKS = YES;
				GCC_OPTIMIZATION_LEVEL = 0;
				GCC_PREPROCESSOR_DEFINITIONS = (
					"DEBUG=1",
					"$(inherited)",
				);
				GCC_WARN_64_TO_32_BIT_CONVERSION = YES;
				GCC_WARN_ABOUT_RETURN_TYPE = YES_ERROR;
				GCC_WARN_UNDECLARED_SELECTOR = YES;
				GCC_WARN_UNINITIALIZED_AUTOS = YES_AGGRESSIVE;
				GCC_WARN_UNUSED_FUNCTION = YES;
				GCC_WARN_UNUSED_VARIABLE = YES;
				MACOSX_DEPLOYMENT_TARGET = 10.11;
				MTL_ENABLE_DEBUG_INFO = YES;
				ONLY_ACTIVE_ARCH = YES;
				SDKROOT = macosx;
			};
			name = Debug;
		};
		53A86A691CCBDD1B00572D7E /* Release */ = {
			isa = XCBuildConfiguration;
			buildSettings = {
				ALWAYS_SEARCH_USER_PATHS = NO;
				CLANG_ANALYZER_NONNULL = YES;
				CLANG_CXX_LANGUAGE_STANDARD = "gnu++0x";
				CLANG_CXX_LIBRARY = "libc++";
				CLANG_ENABLE_MODULES = YES;
				CLANG_ENABLE_OBJC_ARC = YES;
				CLANG_WARN_BOOL_CONVERSION = YES;
				CLANG_WARN_CONSTANT_CONVERSION = YES;
				CLANG_WARN_DIRECT_OBJC_ISA_USAGE = YES_ERROR;
				CLANG_WARN_EMPTY_BODY = YES;
				CLANG_WARN_ENUM_CONVERSION = YES;
				CLANG_WARN_INT_CONVERSION = YES;
				CLANG_WARN_OBJC_ROOT_CLASS = YES_ERROR;
				CLANG_WARN_UNREACHABLE_CODE = YES;
				CLANG_WARN__DUPLICATE_METHOD_MATCH = YES;
				CODE_SIGN_IDENTITY = "-";
				COPY_PHASE_STRIP = NO;
				DEBUG_INFORMATION_FORMAT = "dwarf-with-dsym";
				ENABLE_NS_ASSERTIONS = NO;
				ENABLE_STRICT_OBJC_MSGSEND = YES;
				GCC_C_LANGUAGE_STANDARD = gnu99;
				GCC_NO_COMMON_BLOCKS = YES;
				GCC_WARN_64_TO_32_BIT_CONVERSION = YES;
				GCC_WARN_ABOUT_RETURN_TYPE = YES_ERROR;
				GCC_WARN_UNDECLARED_SELECTOR = YES;
				GCC_WARN_UNINITIALIZED_AUTOS = YES_AGGRESSIVE;
				GCC_WARN_UNUSED_FUNCTION = YES;
				GCC_WARN_UNUSED_VARIABLE = YES;
				MACOSX_DEPLOYMENT_TARGET = 10.11;
				MTL_ENABLE_DEBUG_INFO = NO;
				SDKROOT = macosx;
			};
			name = Release;
		};
		53A86A6B1CCBDD1B00572D7E /* Debug */ = {
			isa = XCBuildConfiguration;
			buildSettings = {
				PRODUCT_NAME = "$(TARGET_NAME)";
			};
			name = Debug;
		};
		53A86A6C1CCBDD1B00572D7E /* Release */ = {
			isa = XCBuildConfiguration;
			buildSettings = {
				PRODUCT_NAME = "$(TARGET_NAME)";
			};
			name = Release;
		};
/* End XCBuildConfiguration section */

/* Begin XCConfigurationList section */
		53A86A5E1CCBDD1B00572D7E /* Build configuration list for PBXProject "FloodFill" */ = {
			isa = XCConfigurationList;
			buildConfigurations = (
				53A86A681CCBDD1B00572D7E /* Debug */,
				53A86A691CCBDD1B00572D7E /* Release */,
			);
			defaultConfigurationIsVisible = 0;
			defaultConfigurationName = Release;
		};
		53A86A6A1CCBDD1B00572D7E /* Build configuration list for PBXNativeTarget "FloodFill" */ = {
			isa = XCConfigurationList;
			buildConfigurations = (
				53A86A6B1CCBDD1B00572D7E /* Debug */,
				53A86A6C1CCBDD1B00572D7E /* Release */,
			);
			defaultConfigurationIsVisible = 0;
		};
/* End XCConfigurationList section */
	};
	rootObject = 53A86A5B1CCBDD1B00572D7E /* Project object */;
}
