// !$*UTF8*$!
{
	archiveVersion = 1;
	classes = {
	};
	objectVersion = 46;
	objects = {

/* Begin PBXBuildFile section */
		538FF87C1CE8BDEE00217985 /* main.cpp in Sources */ = {isa = PBXBuildFile; fileRef = 538FF87B1CE8BDEE00217985 /* main.cpp */; };
		538FF8831CE8BDFB00217985 /* OpenGL.framework in Frameworks */ = {isa = PBXBuildFile; fileRef = 538FF8821CE8BDFB00217985 /* OpenGL.framework */; };
		538FF8851CE8BE0100217985 /* GLUT.framework in Frameworks */ = {isa = PBXBuildFile; fileRef = 538FF8841CE8BE0100217985 /* GLUT.framework */; };
/* End PBXBuildFile section */

/* Begin PBXCopyFilesBuildPhase section */
		538FF8761CE8BDEE00217985 /* CopyFiles */ = {
			isa = PBXCopyFilesBuildPhase;
			buildActionMask = 2147483647;
			dstPath = /usr/share/man/man1/;
			dstSubfolderSpec = 0;
			files = (
			);
			runOnlyForDeploymentPostprocessing = 1;
		};
/* End PBXCopyFilesBuildPhase section */

/* Begin PBXFileReference section */
		538FF8781CE8BDEE00217985 /* Translate_Shear_Rotate_Scale */ = {isa = PBXFileReference; explicitFileType = "compiled.mach-o.executable"; includeInIndex = 0; path = Translate_Shear_Rotate_Scale; sourceTree = BUILT_PRODUCTS_DIR; };
		538FF87B1CE8BDEE00217985 /* main.cpp */ = {isa = PBXFileReference; lastKnownFileType = sourcecode.cpp.cpp; path = main.cpp; sourceTree = "<group>"; };
		538FF8821CE8BDFB00217985 /* OpenGL.framework */ = {isa = PBXFileReference; lastKnownFileType = wrapper.framework; name = OpenGL.framework; path = System/Library/Frameworks/OpenGL.framework; sourceTree = SDKROOT; };
		538FF8841CE8BE0100217985 /* GLUT.framework */ = {isa = PBXFileReference; lastKnownFileType = wrapper.framework; name = GLUT.framework; path = System/Library/Frameworks/GLUT.framework; sourceTree = SDKROOT; };
/* End PBXFileReference section */

/* Begin PBXFrameworksBuildPhase section */
		538FF8751CE8BDEE00217985 /* Frameworks */ = {
			isa = PBXFrameworksBuildPhase;
			buildActionMask = 2147483647;
			files = (
				538FF8851CE8BE0100217985 /* GLUT.framework in Frameworks */,
				538FF8831CE8BDFB00217985 /* OpenGL.framework in Frameworks */,
			);
			runOnlyForDeploymentPostprocessing = 0;
		};
/* End PBXFrameworksBuildPhase section */

/* Begin PBXGroup section */
		538FF86F1CE8BDEE00217985 = {
			isa = PBXGroup;
			children = (
				538FF8841CE8BE0100217985 /* GLUT.framework */,
				538FF8821CE8BDFB00217985 /* OpenGL.framework */,
				538FF87A1CE8BDEE00217985 /* Translate_Shear_Rotate_Scale */,
				538FF8791CE8BDEE00217985 /* Products */,
			);
			sourceTree = "<group>";
		};
		538FF8791CE8BDEE00217985 /* Products */ = {
			isa = PBXGroup;
			children = (
				538FF8781CE8BDEE00217985 /* Translate_Shear_Rotate_Scale */,
			);
			name = Products;
			sourceTree = "<group>";
		};
		538FF87A1CE8BDEE00217985 /* Translate_Shear_Rotate_Scale */ = {
			isa = PBXGroup;
			children = (
				538FF87B1CE8BDEE00217985 /* main.cpp */,
			);
			path = Translate_Shear_Rotate_Scale;
			sourceTree = "<group>";
		};
/* End PBXGroup section */

/* Begin PBXNativeTarget section */
		538FF8771CE8BDEE00217985 /* Translate_Shear_Rotate_Scale */ = {
			isa = PBXNativeTarget;
			buildConfigurationList = 538FF87F1CE8BDEE00217985 /* Build configuration list for PBXNativeTarget "Translate_Shear_Rotate_Scale" */;
			buildPhases = (
				538FF8741CE8BDEE00217985 /* Sources */,
				538FF8751CE8BDEE00217985 /* Frameworks */,
				538FF8761CE8BDEE00217985 /* CopyFiles */,
			);
			buildRules = (
			);
			dependencies = (
			);
			name = Translate_Shear_Rotate_Scale;
			productName = Translate_Shear_Rotate_Scale;
			productReference = 538FF8781CE8BDEE00217985 /* Translate_Shear_Rotate_Scale */;
			productType = "com.apple.product-type.tool";
		};
/* End PBXNativeTarget section */

/* Begin PBXProject section */
		538FF8701CE8BDEE00217985 /* Project object */ = {
			isa = PBXProject;
			attributes = {
				LastUpgradeCheck = 0730;
				ORGANIZATIONNAME = "Asif Mohaimen";
				TargetAttributes = {
					538FF8771CE8BDEE00217985 = {
						CreatedOnToolsVersion = 7.3.1;
					};
				};
			};
			buildConfigurationList = 538FF8731CE8BDEE00217985 /* Build configuration list for PBXProject "Translate_Shear_Rotate_Scale" */;
			compatibilityVersion = "Xcode 3.2";
			developmentRegion = English;
			hasScannedForEncodings = 0;
			knownRegions = (
				en,
			);
			mainGroup = 538FF86F1CE8BDEE00217985;
			productRefGroup = 538FF8791CE8BDEE00217985 /* Products */;
			projectDirPath = "";
			projectRoot = "";
			targets = (
				538FF8771CE8BDEE00217985 /* Translate_Shear_Rotate_Scale */,
			);
		};
/* End PBXProject section */

/* Begin PBXSourcesBuildPhase section */
		538FF8741CE8BDEE00217985 /* Sources */ = {
			isa = PBXSourcesBuildPhase;
			buildActionMask = 2147483647;
			files = (
				538FF87C1CE8BDEE00217985 /* main.cpp in Sources */,
			);
			runOnlyForDeploymentPostprocessing = 0;
		};
/* End PBXSourcesBuildPhase section */

/* Begin XCBuildConfiguration section */
		538FF87D1CE8BDEE00217985 /* Debug */ = {
			isa = XCBuildConfiguration;
			buildSettings = {
				ALWAYS_SEARCH_USER_PATHS = NO;
				CLANG_ANALYZER_NONNULL = YES;
				CLANG_CXX_LANGUAGE_STANDARD = "gnu++0x";
				CLANG_CXX_LIBRARY = "libc++";
				CLANG_ENABLE_MODULES = YES;
				CLANG_ENABLE_OBJC_ARC = YES;
				CLANG_WARN_BOOL_CONVERSION = YES;
				CLANG_WARN_CONSTANT_CONVERSION = YES;
				CLANG_WARN_DIRECT_OBJC_ISA_USAGE = YES_ERROR;
				CLANG_WARN_EMPTY_BODY = YES;
				CLANG_WARN_ENUM_CONVERSION = YES;
				CLANG_WARN_INT_CONVERSION = YES;
				CLANG_WARN_OBJC_ROOT_CLASS = YES_ERROR;
				CLANG_WARN_UNREACHABLE_CODE = YES;
				CLANG_WARN__DUPLICATE_METHOD_MATCH = YES;
				CODE_SIGN_IDENTITY = "-";
				COPY_PHASE_STRIP = NO;
				DEBUG_INFORMATION_FORMAT = dwarf;
				ENABLE_STRICT_OBJC_MSGSEND = YES;
				ENABLE_TESTABILITY = YES;
				GCC_C_LANGUAGE_STANDARD = gnu99;
				GCC_DYNAMIC_NO_PIC = NO;
				GCC_NO_COMMON_BLOCKS = YES;
				GCC_OPTIMIZATION_LEVEL = 0;
				GCC_PREPROCESSOR_DEFINITIONS = (
					"DEBUG=1",
					"$(inherited)",
				);
				GCC_WARN_64_TO_32_BIT_CONVERSION = YES;
				GCC_WARN_ABOUT_RETURN_TYPE = YES_ERROR;
				GCC_WARN_UNDECLARED_SELECTOR = YES;
				GCC_WARN_UNINITIALIZED_AUTOS = YES_AGGRESSIVE;
				GCC_WARN_UNUSED_FUNCTION = YES;
				GCC_WARN_UNUSED_VARIABLE = YES;
				MACOSX_DEPLOYMENT_TARGET = 10.11;
				MTL_ENABLE_DEBUG_INFO = YES;
				ONLY_ACTIVE_ARCH = YES;
				SDKROOT = macosx;
			};
			name = Debug;
		};
		538FF87E1CE8BDEE00217985 /* Release */ = {
			isa = XCBuildConfiguration;
			buildSettings = {
				ALWAYS_SEARCH_USER_PATHS = NO;
				CLANG_ANALYZER_NONNULL = YES;
				CLANG_CXX_LANGUAGE_STANDARD = "gnu++0x";
				CLANG_CXX_LIBRARY = "libc++";
				CLANG_ENABLE_MODULES = YES;
				CLANG_ENABLE_OBJC_ARC = YES;
				CLANG_WARN_BOOL_CONVERSION = YES;
				CLANG_WARN_CONSTANT_CONVERSION = YES;
				CLANG_WARN_DIRECT_OBJC_ISA_USAGE = YES_ERROR;
				CLANG_WARN_EMPTY_BODY = YES;
				CLANG_WARN_ENUM_CONVERSION = YES;
				CLANG_WARN_INT_CONVERSION = YES;
				CLANG_WARN_OBJC_ROOT_CLASS = YES_ERROR;
				CLANG_WARN_UNREACHABLE_CODE = YES;
				CLANG_WARN__DUPLICATE_METHOD_MATCH = YES;
				CODE_SIGN_IDENTITY = "-";
				COPY_PHASE_STRIP = NO;
				DEBUG_INFORMATION_FORMAT = "dwarf-with-dsym";
				ENABLE_NS_ASSERTIONS = NO;
				ENABLE_STRICT_OBJC_MSGSEND = YES;
				GCC_C_LANGUAGE_STANDARD = gnu99;
				GCC_NO_COMMON_BLOCKS = YES;
				GCC_WARN_64_TO_32_BIT_CONVERSION = YES;
				GCC_WARN_ABOUT_RETURN_TYPE = YES_ERROR;
				GCC_WARN_UNDECLARED_SELECTOR = YES;
				GCC_WARN_UNINITIALIZED_AUTOS = YES_AGGRESSIVE;
				GCC_WARN_UNUSED_FUNCTION = YES;
				GCC_WARN_UNUSED_VARIABLE = YES;
				MACOSX_DEPLOYMENT_TARGET = 10.11;
				MTL_ENABLE_DEBUG_INFO = NO;
				SDKROOT = macosx;
			};
			name = Release;
		};
		538FF8801CE8BDEE00217985 /* Debug */ = {
			isa = XCBuildConfiguration;
			buildSettings = {
				PRODUCT_NAME = "$(TARGET_NAME)";
			};
			name = Debug;
		};
		538FF8811CE8BDEE00217985 /* Release */ = {
			isa = XCBuildConfiguration;
			buildSettings = {
				PRODUCT_NAME = "$(TARGET_NAME)";
			};
			name = Release;
		};
/* End XCBuildConfiguration section */

/* Begin XCConfigurationList section */
		538FF8731CE8BDEE00217985 /* Build configuration list for PBXProject "Translate_Shear_Rotate_Scale" */ = {
			isa = XCConfigurationList;
			buildConfigurations = (
				538FF87D1CE8BDEE00217985 /* Debug */,
				538FF87E1CE8BDEE00217985 /* Release */,
			);
			defaultConfigurationIsVisible = 0;
			defaultConfigurationName = Release;
		};
		538FF87F1CE8BDEE00217985 /* Build configuration list for PBXNativeTarget "Translate_Shear_Rotate_Scale" */ = {
			isa = XCConfigurationList;
			buildConfigurations = (
				538FF8801CE8BDEE00217985 /* Debug */,
				538FF8811CE8BDEE00217985 /* Release */,
			);
			defaultConfigurationIsVisible = 0;
		};
/* End XCConfigurationList section */
	};
	rootObject = 538FF8701CE8BDEE00217985 /* Project object */;
}
