// !$*UTF8*$!
{
	archiveVersion = 1;
	classes = {
	};
	objectVersion = 46;
	objects = {

/* Begin PBXBuildFile section */
		53BE3A061CCB57FF0054AC2C /* main.cpp in Sources */ = {isa = PBXBuildFile; fileRef = 53BE3A051CCB57FF0054AC2C /* main.cpp */; };
		53BE3A0D1CCB580E0054AC2C /* GLUT.framework in Frameworks */ = {isa = PBXBuildFile; fileRef = 53BE3A0C1CCB580E0054AC2C /* GLUT.framework */; };
		53BE3A0F1CCB58150054AC2C /* OpenGL.framework in Frameworks */ = {isa = PBXBuildFile; fileRef = 53BE3A0E1CCB58150054AC2C /* OpenGL.framework */; };
/* End PBXBuildFile section */

/* Begin PBXCopyFilesBuildPhase section */
		53BE3A001CCB57FF0054AC2C /* CopyFiles */ = {
			isa = PBXCopyFilesBuildPhase;
			buildActionMask = 2147483647;
			dstPath = /usr/share/man/man1/;
			dstSubfolderSpec = 0;
			files = (
			);
			runOnlyForDeploymentPostprocessing = 1;
		};
/* End PBXCopyFilesBuildPhase section */

/* Begin PBXFileReference section */
		53BE3A021CCB57FF0054AC2C /* ScanLinePolygonFilling */ = {isa = PBXFileReference; explicitFileType = "compiled.mach-o.executable"; includeInIndex = 0; path = ScanLinePolygonFilling; sourceTree = BUILT_PRODUCTS_DIR; };
		53BE3A051CCB57FF0054AC2C /* main.cpp */ = {isa = PBXFileReference; lastKnownFileType = sourcecode.cpp.cpp; path = main.cpp; sourceTree = "<group>"; };
		53BE3A0C1CCB580E0054AC2C /* GLUT.framework */ = {isa = PBXFileReference; lastKnownFileType = wrapper.framework; name = GLUT.framework; path = System/Library/Frameworks/GLUT.framework; sourceTree = SDKROOT; };
		53BE3A0E1CCB58150054AC2C /* OpenGL.framework */ = {isa = PBXFileReference; lastKnownFileType = wrapper.framework; name = OpenGL.framework; path = System/Library/Frameworks/OpenGL.framework; sourceTree = SDKROOT; };
/* End PBXFileReference section */

/* Begin PBXFrameworksBuildPhase section */
		53BE39FF1CCB57FF0054AC2C /* Frameworks */ = {
			isa = PBXFrameworksBuildPhase;
			buildActionMask = 2147483647;
			files = (
				53BE3A0F1CCB58150054AC2C /* OpenGL.framework in Frameworks */,
				53BE3A0D1CCB580E0054AC2C /* GLUT.framework in Frameworks */,
			);
			runOnlyForDeploymentPostprocessing = 0;
		};
/* End PBXFrameworksBuildPhase section */

/* Begin PBXGroup section */
		53BE39F91CCB57FF0054AC2C = {
			isa = PBXGroup;
			children = (
				53BE3A0E1CCB58150054AC2C /* OpenGL.framework */,
				53BE3A0C1CCB580E0054AC2C /* GLUT.framework */,
				53BE3A041CCB57FF0054AC2C /* ScanLinePolygonFilling */,
				53BE3A031CCB57FF0054AC2C /* Products */,
			);
			sourceTree = "<group>";
		};
		53BE3A031CCB57FF0054AC2C /* Products */ = {
			isa = PBXGroup;
			children = (
				53BE3A021CCB57FF0054AC2C /* ScanLinePolygonFilling */,
			);
			name = Products;
			sourceTree = "<group>";
		};
		53BE3A041CCB57FF0054AC2C /* ScanLinePolygonFilling */ = {
			isa = PBXGroup;
			children = (
				53BE3A051CCB57FF0054AC2C /* main.cpp */,
			);
			path = ScanLinePolygonFilling;
			sourceTree = "<group>";
		};
/* End PBXGroup section */

/* Begin PBXNativeTarget section */
		53BE3A011CCB57FF0054AC2C /* ScanLinePolygonFilling */ = {
			isa = PBXNativeTarget;
			buildConfigurationList = 53BE3A091CCB57FF0054AC2C /* Build configuration list for PBXNativeTarget "ScanLinePolygonFilling" */;
			buildPhases = (
				53BE39FE1CCB57FF0054AC2C /* Sources */,
				53BE39FF1CCB57FF0054AC2C /* Frameworks */,
				53BE3A001CCB57FF0054AC2C /* CopyFiles */,
			);
			buildRules = (
			);
			dependencies = (
			);
			name = ScanLinePolygonFilling;
			productName = ScanLinePolygonFilling;
			productReference = 53BE3A021CCB57FF0054AC2C /* ScanLinePolygonFilling */;
			productType = "com.apple.product-type.tool";
		};
/* End PBXNativeTarget section */

/* Begin PBXProject section */
		53BE39FA1CCB57FF0054AC2C /* Project object */ = {
			isa = PBXProject;
			attributes = {
				LastUpgradeCheck = 0730;
				ORGANIZATIONNAME = "Asif Mohaimen";
				TargetAttributes = {
					53BE3A011CCB57FF0054AC2C = {
						CreatedOnToolsVersion = 7.3;
					};
				};
			};
			buildConfigurationList = 53BE39FD1CCB57FF0054AC2C /* Build configuration list for PBXProject "ScanLinePolygonFilling" */;
			compatibilityVersion = "Xcode 3.2";
			developmentRegion = English;
			hasScannedForEncodings = 0;
			knownRegions = (
				en,
			);
			mainGroup = 53BE39F91CCB57FF0054AC2C;
			productRefGroup = 53BE3A031CCB57FF0054AC2C /* Products */;
			projectDirPath = "";
			projectRoot = "";
			targets = (
				53BE3A011CCB57FF0054AC2C /* ScanLinePolygonFilling */,
			);
		};
/* End PBXProject section */

/* Begin PBXSourcesBuildPhase section */
		53BE39FE1CCB57FF0054AC2C /* Sources */ = {
			isa = PBXSourcesBuildPhase;
			buildActionMask = 2147483647;
			files = (
				53BE3A061CCB57FF0054AC2C /* main.cpp in Sources */,
			);
			runOnlyForDeploymentPostprocessing = 0;
		};
/* End PBXSourcesBuildPhase section */

/* Begin XCBuildConfiguration section */
		53BE3A071CCB57FF0054AC2C /* Debug */ = {
			isa = XCBuildConfiguration;
			buildSettings = {
				ALWAYS_SEARCH_USER_PATHS = NO;
				CLANG_ANALYZER_NONNULL = YES;
				CLANG_CXX_LANGUAGE_STANDARD = "gnu++0x";
				CLANG_CXX_LIBRARY = "libc++";
				CLANG_ENABLE_MODULES = YES;
				CLANG_ENABLE_OBJC_ARC = YES;
				CLANG_WARN_BOOL_CONVERSION = YES;
				CLANG_WARN_CONSTANT_CONVERSION = YES;
				CLANG_WARN_DIRECT_OBJC_ISA_USAGE = YES_ERROR;
				CLANG_WARN_EMPTY_BODY = YES;
				CLANG_WARN_ENUM_CONVERSION = YES;
				CLANG_WARN_INT_CONVERSION = YES;
				CLANG_WARN_OBJC_ROOT_CLASS = YES_ERROR;
				CLANG_WARN_UNREACHABLE_CODE = YES;
				CLANG_WARN__DUPLICATE_METHOD_MATCH = YES;
				CODE_SIGN_IDENTITY = "-";
				COPY_PHASE_STRIP = NO;
				DEBUG_INFORMATION_FORMAT = dwarf;
				ENABLE_STRICT_OBJC_MSGSEND = YES;
				ENABLE_TESTABILITY = YES;
				GCC_C_LANGUAGE_STANDARD = gnu99;
				GCC_DYNAMIC_NO_PIC = NO;
				GCC_NO_COMMON_BLOCKS = YES;
				GCC_OPTIMIZATION_LEVEL = 0;
				GCC_PREPROCESSOR_DEFINITIONS = (
					"DEBUG=1",
					"$(inherited)",
				);
				GCC_WARN_64_TO_32_BIT_CONVERSION = YES;
				GCC_WARN_ABOUT_RETURN_TYPE = YES_ERROR;
				GCC_WARN_UNDECLARED_SELECTOR = YES;
				GCC_WARN_UNINITIALIZED_AUTOS = YES_AGGRESSIVE;
				GCC_WARN_UNUSED_FUNCTION = YES;
				GCC_WARN_UNUSED_VARIABLE = YES;
				MACOSX_DEPLOYMENT_TARGET = 10.11;
				MTL_ENABLE_DEBUG_INFO = YES;
				ONLY_ACTIVE_ARCH = YES;
				SDKROOT = macosx;
			};
			name = Debug;
		};
		53BE3A081CCB57FF0054AC2C /* Release */ = {
			isa = XCBuildConfiguration;
			buildSettings = {
				ALWAYS_SEARCH_USER_PATHS = NO;
				CLANG_ANALYZER_NONNULL = YES;
				CLANG_CXX_LANGUAGE_STANDARD = "gnu++0x";
				CLANG_CXX_LIBRARY = "libc++";
				CLANG_ENABLE_MODULES = YES;
				CLANG_ENABLE_OBJC_ARC = YES;
				CLANG_WARN_BOOL_CONVERSION = YES;
				CLANG_WARN_CONSTANT_CONVERSION = YES;
				CLANG_WARN_DIRECT_OBJC_ISA_USAGE = YES_ERROR;
				CLANG_WARN_EMPTY_BODY = YES;
				CLANG_WARN_ENUM_CONVERSION = YES;
				CLANG_WARN_INT_CONVERSION = YES;
				CLANG_WARN_OBJC_ROOT_CLASS = YES_ERROR;
				CLANG_WARN_UNREACHABLE_CODE = YES;
				CLANG_WARN__DUPLICATE_METHOD_MATCH = YES;
				CODE_SIGN_IDENTITY = "-";
				COPY_PHASE_STRIP = NO;
				DEBUG_INFORMATION_FORMAT = "dwarf-with-dsym";
				ENABLE_NS_ASSERTIONS = NO;
				ENABLE_STRICT_OBJC_MSGSEND = YES;
				GCC_C_LANGUAGE_STANDARD = gnu99;
				GCC_NO_COMMON_BLOCKS = YES;
				GCC_WARN_64_TO_32_BIT_CONVERSION = YES;
				GCC_WARN_ABOUT_RETURN_TYPE = YES_ERROR;
				GCC_WARN_UNDECLARED_SELECTOR = YES;
				GCC_WARN_UNINITIALIZED_AUTOS = YES_AGGRESSIVE;
				GCC_WARN_UNUSED_FUNCTION = YES;
				GCC_WARN_UNUSED_VARIABLE = YES;
				MACOSX_DEPLOYMENT_TARGET = 10.11;
				MTL_ENABLE_DEBUG_INFO = NO;
				SDKROOT = macosx;
			};
			name = Release;
		};
		53BE3A0A1CCB57FF0054AC2C /* Debug */ = {
			isa = XCBuildConfiguration;
			buildSettings = {
				PRODUCT_NAME = "$(TARGET_NAME)";
			};
			name = Debug;
		};
		53BE3A0B1CCB57FF0054AC2C /* Release */ = {
			isa = XCBuildConfiguration;
			buildSettings = {
				PRODUCT_NAME = "$(TARGET_NAME)";
			};
			name = Release;
		};
/* End XCBuildConfiguration section */

/* Begin XCConfigurationList section */
		53BE39FD1CCB57FF0054AC2C /* Build configuration list for PBXProject "ScanLinePolygonFilling" */ = {
			isa = XCConfigurationList;
			buildConfigurations = (
				53BE3A071CCB57FF0054AC2C /* Debug */,
				53BE3A081CCB57FF0054AC2C /* Release */,
			);
			defaultConfigurationIsVisible = 0;
			defaultConfigurationName = Release;
		};
		53BE3A091CCB57FF0054AC2C /* Build configuration list for PBXNativeTarget "ScanLinePolygonFilling" */ = {
			isa = XCConfigurationList;
			buildConfigurations = (
				53BE3A0A1CCB57FF0054AC2C /* Debug */,
				53BE3A0B1CCB57FF0054AC2C /* Release */,
			);
			defaultConfigurationIsVisible = 0;
		};
/* End XCConfigurationList section */
	};
	rootObject = 53BE39FA1CCB57FF0054AC2C /* Project object */;
}
