// !$*UTF8*$!
{
	archiveVersion = 1;
	classes = {
	};
	objectVersion = 46;
	objects = {

/* Begin PBXBuildFile section */
		53B0C6D61CBA905000D31812 /* main.cpp in Sources */ = {isa = PBXBuildFile; fileRef = 53B0C6D51CBA905000D31812 /* main.cpp */; };
		53B0C6DD1CBA905C00D31812 /* OpenGL.framework in Frameworks */ = {isa = PBXBuildFile; fileRef = 53B0C6DC1CBA905C00D31812 /* OpenGL.framework */; };
		53B0C6DF1CBA906300D31812 /* GLUT.framework in Frameworks */ = {isa = PBXBuildFile; fileRef = 53B0C6DE1CBA906300D31812 /* GLUT.framework */; };
/* End PBXBuildFile section */

/* Begin PBXCopyFilesBuildPhase section */
		53B0C6D01CBA905000D31812 /* CopyFiles */ = {
			isa = PBXCopyFilesBuildPhase;
			buildActionMask = 2147483647;
			dstPath = /usr/share/man/man1/;
			dstSubfolderSpec = 0;
			files = (
			);
			runOnlyForDeploymentPostprocessing = 1;
		};
/* End PBXCopyFilesBuildPhase section */

/* Begin PBXFileReference section */
		53B0C6D21CBA905000D31812 /* Trigonometric Circle Drawing Algorithm */ = {isa = PBXFileReference; explicitFileType = "compiled.mach-o.executable"; includeInIndex = 0; path = "Trigonometric Circle Drawing Algorithm"; sourceTree = BUILT_PRODUCTS_DIR; };
		53B0C6D51CBA905000D31812 /* main.cpp */ = {isa = PBXFileReference; lastKnownFileType = sourcecode.cpp.cpp; path = main.cpp; sourceTree = "<group>"; };
		53B0C6DC1CBA905C00D31812 /* OpenGL.framework */ = {isa = PBXFileReference; lastKnownFileType = wrapper.framework; name = OpenGL.framework; path = System/Library/Frameworks/OpenGL.framework; sourceTree = SDKROOT; };
		53B0C6DE1CBA906300D31812 /* GLUT.framework */ = {isa = PBXFileReference; lastKnownFileType = wrapper.framework; name = GLUT.framework; path = System/Library/Frameworks/GLUT.framework; sourceTree = SDKROOT; };
/* End PBXFileReference section */

/* Begin PBXFrameworksBuildPhase section */
		53B0C6CF1CBA905000D31812 /* Frameworks */ = {
			isa = PBXFrameworksBuildPhase;
			buildActionMask = 2147483647;
			files = (
				53B0C6DF1CBA906300D31812 /* GLUT.framework in Frameworks */,
				53B0C6DD1CBA905C00D31812 /* OpenGL.framework in Frameworks */,
			);
			runOnlyForDeploymentPostprocessing = 0;
		};
/* End PBXFrameworksBuildPhase section */

/* Begin PBXGroup section */
		53B0C6C91CBA905000D31812 = {
			isa = PBXGroup;
			children = (
				53B0C6DE1CBA906300D31812 /* GLUT.framework */,
				53B0C6DC1CBA905C00D31812 /* OpenGL.framework */,
				53B0C6D41CBA905000D31812 /* Trigonometric Circle Drawing Algorithm */,
				53B0C6D31CBA905000D31812 /* Products */,
			);
			sourceTree = "<group>";
		};
		53B0C6D31CBA905000D31812 /* Products */ = {
			isa = PBXGroup;
			children = (
				53B0C6D21CBA905000D31812 /* Trigonometric Circle Drawing Algorithm */,
			);
			name = Products;
			sourceTree = "<group>";
		};
		53B0C6D41CBA905000D31812 /* Trigonometric Circle Drawing Algorithm */ = {
			isa = PBXGroup;
			children = (
				53B0C6D51CBA905000D31812 /* main.cpp */,
			);
			path = "Trigonometric Circle Drawing Algorithm";
			sourceTree = "<group>";
		};
/* End PBXGroup section */

/* Begin PBXNativeTarget section */
		53B0C6D11CBA905000D31812 /* Trigonometric Circle Drawing Algorithm */ = {
			isa = PBXNativeTarget;
			buildConfigurationList = 53B0C6D91CBA905000D31812 /* Build configuration list for PBXNativeTarget "Trigonometric Circle Drawing Algorithm" */;
			buildPhases = (
				53B0C6CE1CBA905000D31812 /* Sources */,
				53B0C6CF1CBA905000D31812 /* Frameworks */,
				53B0C6D01CBA905000D31812 /* CopyFiles */,
			);
			buildRules = (
			);
			dependencies = (
			);
			name = "Trigonometric Circle Drawing Algorithm";
			productName = "Trigonometric Circle Drawing Algorithm";
			productReference = 53B0C6D21CBA905000D31812 /* Trigonometric Circle Drawing Algorithm */;
			productType = "com.apple.product-type.tool";
		};
/* End PBXNativeTarget section */

/* Begin PBXProject section */
		53B0C6CA1CBA905000D31812 /* Project object */ = {
			isa = PBXProject;
			attributes = {
				LastUpgradeCheck = 0730;
				ORGANIZATIONNAME = "Asif Mohaimen";
				TargetAttributes = {
					53B0C6D11CBA905000D31812 = {
						CreatedOnToolsVersion = 7.3;
					};
				};
			};
			buildConfigurationList = 53B0C6CD1CBA905000D31812 /* Build configuration list for PBXProject "Trigonometric Circle Drawing Algorithm" */;
			compatibilityVersion = "Xcode 3.2";
			developmentRegion = English;
			hasScannedForEncodings = 0;
			knownRegions = (
				en,
			);
			mainGroup = 53B0C6C91CBA905000D31812;
			productRefGroup = 53B0C6D31CBA905000D31812 /* Products */;
			projectDirPath = "";
			projectRoot = "";
			targets = (
				53B0C6D11CBA905000D31812 /* Trigonometric Circle Drawing Algorithm */,
			);
		};
/* End PBXProject section */

/* Begin PBXSourcesBuildPhase section */
		53B0C6CE1CBA905000D31812 /* Sources */ = {
			isa = PBXSourcesBuildPhase;
			buildActionMask = 2147483647;
			files = (
				53B0C6D61CBA905000D31812 /* main.cpp in Sources */,
			);
			runOnlyForDeploymentPostprocessing = 0;
		};
/* End PBXSourcesBuildPhase section */

/* Begin XCBuildConfiguration section */
		53B0C6D71CBA905000D31812 /* Debug */ = {
			isa = XCBuildConfiguration;
			buildSettings = {
				ALWAYS_SEARCH_USER_PATHS = NO;
				CLANG_ANALYZER_NONNULL = YES;
				CLANG_CXX_LANGUAGE_STANDARD = "gnu++0x";
				CLANG_CXX_LIBRARY = "libc++";
				CLANG_ENABLE_MODULES = YES;
				CLANG_ENABLE_OBJC_ARC = YES;
				CLANG_WARN_BOOL_CONVERSION = YES;
				CLANG_WARN_CONSTANT_CONVERSION = YES;
				CLANG_WARN_DIRECT_OBJC_ISA_USAGE = YES_ERROR;
				CLANG_WARN_EMPTY_BODY = YES;
				CLANG_WARN_ENUM_CONVERSION = YES;
				CLANG_WARN_INT_CONVERSION = YES;
				CLANG_WARN_OBJC_ROOT_CLASS = YES_ERROR;
				CLANG_WARN_UNREACHABLE_CODE = YES;
				CLANG_WARN__DUPLICATE_METHOD_MATCH = YES;
				CODE_SIGN_IDENTITY = "-";
				COPY_PHASE_STRIP = NO;
				DEBUG_INFORMATION_FORMAT = dwarf;
				ENABLE_STRICT_OBJC_MSGSEND = YES;
				ENABLE_TESTABILITY = YES;
				GCC_C_LANGUAGE_STANDARD = gnu99;
				GCC_DYNAMIC_NO_PIC = NO;
				GCC_NO_COMMON_BLOCKS = YES;
				GCC_OPTIMIZATION_LEVEL = 0;
				GCC_PREPROCESSOR_DEFINITIONS = (
					"DEBUG=1",
					"$(inherited)",
				);
				GCC_WARN_64_TO_32_BIT_CONVERSION = YES;
				GCC_WARN_ABOUT_RETURN_TYPE = YES_ERROR;
				GCC_WARN_UNDECLARED_SELECTOR = YES;
				GCC_WARN_UNINITIALIZED_AUTOS = YES_AGGRESSIVE;
				GCC_WARN_UNUSED_FUNCTION = YES;
				GCC_WARN_UNUSED_VARIABLE = YES;
				MACOSX_DEPLOYMENT_TARGET = 10.11;
				MTL_ENABLE_DEBUG_INFO = YES;
				ONLY_ACTIVE_ARCH = YES;
				SDKROOT = macosx;
			};
			name = Debug;
		};
		53B0C6D81CBA905000D31812 /* Release */ = {
			isa = XCBuildConfiguration;
			buildSettings = {
				ALWAYS_SEARCH_USER_PATHS = NO;
				CLANG_ANALYZER_NONNULL = YES;
				CLANG_CXX_LANGUAGE_STANDARD = "gnu++0x";
				CLANG_CXX_LIBRARY = "libc++";
				CLANG_ENABLE_MODULES = YES;
				CLANG_ENABLE_OBJC_ARC = YES;
				CLANG_WARN_BOOL_CONVERSION = YES;
				CLANG_WARN_CONSTANT_CONVERSION = YES;
				CLANG_WARN_DIRECT_OBJC_ISA_USAGE = YES_ERROR;
				CLANG_WARN_EMPTY_BODY = YES;
				CLANG_WARN_ENUM_CONVERSION = YES;
				CLANG_WARN_INT_CONVERSION = YES;
				CLANG_WARN_OBJC_ROOT_CLASS = YES_ERROR;
				CLANG_WARN_UNREACHABLE_CODE = YES;
				CLANG_WARN__DUPLICATE_METHOD_MATCH = YES;
				CODE_SIGN_IDENTITY = "-";
				COPY_PHASE_STRIP = NO;
				DEBUG_INFORMATION_FORMAT = "dwarf-with-dsym";
				ENABLE_NS_ASSERTIONS = NO;
				ENABLE_STRICT_OBJC_MSGSEND = YES;
				GCC_C_LANGUAGE_STANDARD = gnu99;
				GCC_NO_COMMON_BLOCKS = YES;
				GCC_WARN_64_TO_32_BIT_CONVERSION = YES;
				GCC_WARN_ABOUT_RETURN_TYPE = YES_ERROR;
				GCC_WARN_UNDECLARED_SELECTOR = YES;
				GCC_WARN_UNINITIALIZED_AUTOS = YES_AGGRESSIVE;
				GCC_WARN_UNUSED_FUNCTION = YES;
				GCC_WARN_UNUSED_VARIABLE = YES;
				MACOSX_DEPLOYMENT_TARGET = 10.11;
				MTL_ENABLE_DEBUG_INFO = NO;
				SDKROOT = macosx;
			};
			name = Release;
		};
		53B0C6DA1CBA905000D31812 /* Debug */ = {
			isa = XCBuildConfiguration;
			buildSettings = {
				PRODUCT_NAME = "$(TARGET_NAME)";
			};
			name = Debug;
		};
		53B0C6DB1CBA905000D31812 /* Release */ = {
			isa = XCBuildConfiguration;
			buildSettings = {
				PRODUCT_NAME = "$(TARGET_NAME)";
			};
			name = Release;
		};
/* End XCBuildConfiguration section */

/* Begin XCConfigurationList section */
		53B0C6CD1CBA905000D31812 /* Build configuration list for PBXProject "Trigonometric Circle Drawing Algorithm" */ = {
			isa = XCConfigurationList;
			buildConfigurations = (
				53B0C6D71CBA905000D31812 /* Debug */,
				53B0C6D81CBA905000D31812 /* Release */,
			);
			defaultConfigurationIsVisible = 0;
			defaultConfigurationName = Release;
		};
		53B0C6D91CBA905000D31812 /* Build configuration list for PBXNativeTarget "Trigonometric Circle Drawing Algorithm" */ = {
			isa = XCConfigurationList;
			buildConfigurations = (
				53B0C6DA1CBA905000D31812 /* Debug */,
				53B0C6DB1CBA905000D31812 /* Release */,
			);
			defaultConfigurationIsVisible = 0;
		};
/* End XCConfigurationList section */
	};
	rootObject = 53B0C6CA1CBA905000D31812 /* Project object */;
}
